// !$*UTF8*$!
{
	archiveVersion = 1;
	classes = {
	};
	objectVersion = 50;
	objects = {

/* Begin PBXBuildFile section */
		FAC0B93A245663E10086B0D7 /* AppDelegate.swift in Sources */ = {isa = PBXBuildFile; fileRef = FAC0B939245663E10086B0D7 /* AppDelegate.swift */; };
		FAC0B93C245663E10086B0D7 /* art.scnassets in Resources */ = {isa = PBXBuildFile; fileRef = FAC0B93B245663E10086B0D7 /* art.scnassets */; };
		FAC0B93E245663E10086B0D7 /* ViewController.swift in Sources */ = {isa = PBXBuildFile; fileRef = FAC0B93D245663E10086B0D7 /* ViewController.swift */; };
		FAC0B941245663E10086B0D7 /* Main.storyboard in Resources */ = {isa = PBXBuildFile; fileRef = FAC0B93F245663E10086B0D7 /* Main.storyboard */; };
		FAC0B943245663E40086B0D7 /* Assets.xcassets in Resources */ = {isa = PBXBuildFile; fileRef = FAC0B942245663E40086B0D7 /* Assets.xcassets */; };
		FAC0B946245663E40086B0D7 /* LaunchScreen.storyboard in Resources */ = {isa = PBXBuildFile; fileRef = FAC0B944245663E40086B0D7 /* LaunchScreen.storyboard */; };
/* End PBXBuildFile section */

/* Begin PBXFileReference section */
		FAC0B936245663E10086B0D7 /* Room Scale VR Demo.app */ = {isa = PBXFileReference; explicitFileType = wrapper.application; includeInIndex = 0; path = "Room Scale VR Demo.app"; sourceTree = BUILT_PRODUCTS_DIR; };
		FAC0B939245663E10086B0D7 /* AppDelegate.swift */ = {isa = PBXFileReference; lastKnownFileType = sourcecode.swift; path = AppDelegate.swift; sourceTree = "<group>"; };
		FAC0B93B245663E10086B0D7 /* art.scnassets */ = {isa = PBXFileReference; lastKnownFileType = wrapper.scnassets; path = art.scnassets; sourceTree = "<group>"; };
		FAC0B93D245663E10086B0D7 /* ViewController.swift */ = {isa = PBXFileReference; lastKnownFileType = sourcecode.swift; path = ViewController.swift; sourceTree = "<group>"; };
		FAC0B940245663E10086B0D7 /* Base */ = {isa = PBXFileReference; lastKnownFileType = file.storyboard; name = Base; path = Base.lproj/Main.storyboard; sourceTree = "<group>"; };
		FAC0B942245663E40086B0D7 /* Assets.xcassets */ = {isa = PBXFileReference; lastKnownFileType = folder.assetcatalog; path = Assets.xcassets; sourceTree = "<group>"; };
		FAC0B945245663E40086B0D7 /* Base */ = {isa = PBXFileReference; lastKnownFileType = file.storyboard; name = Base; path = Base.lproj/LaunchScreen.storyboard; sourceTree = "<group>"; };
		FAC0B947245663E40086B0D7 /* Info.plist */ = {isa = PBXFileReference; lastKnownFileType = text.plist.xml; path = Info.plist; sourceTree = "<group>"; };
/* End PBXFileReference section */

/* Begin PBXFrameworksBuildPhase section */
		FAC0B933245663E10086B0D7 /* Frameworks */ = {
			isa = PBXFrameworksBuildPhase;
			buildActionMask = 2147483647;
			files = (
			);
			runOnlyForDeploymentPostprocessing = 0;
		};
/* End PBXFrameworksBuildPhase section */

/* Begin PBXGroup section */
		FAC0B92D245663E10086B0D7 = {
			isa = PBXGroup;
			children = (
				FAC0B938245663E10086B0D7 /* Room Scale VR Demo */,
				FAC0B937245663E10086B0D7 /* Products */,
			);
			sourceTree = "<group>";
		};
		FAC0B937245663E10086B0D7 /* Products */ = {
			isa = PBXGroup;
			children = (
				FAC0B936245663E10086B0D7 /* Room Scale VR Demo.app */,
			);
			name = Products;
			sourceTree = "<group>";
		};
		FAC0B938245663E10086B0D7 /* Room Scale VR Demo */ = {
			isa = PBXGroup;
			children = (
				FAC0B939245663E10086B0D7 /* AppDelegate.swift */,
				FAC0B93B245663E10086B0D7 /* art.scnassets */,
				FAC0B93D245663E10086B0D7 /* ViewController.swift */,
				FAC0B93F245663E10086B0D7 /* Main.storyboard */,
				FAC0B942245663E40086B0D7 /* Assets.xcassets */,
				FAC0B944245663E40086B0D7 /* LaunchScreen.storyboard */,
				FAC0B947245663E40086B0D7 /* Info.plist */,
			);
			path = "Room Scale VR Demo";
			sourceTree = "<group>";
		};
/* End PBXGroup section */

/* Begin PBXNativeTarget section */
		FAC0B935245663E10086B0D7 /* Room Scale VR Demo */ = {
			isa = PBXNativeTarget;
			buildConfigurationList = FAC0B94A245663E40086B0D7 /* Build configuration list for PBXNativeTarget "Room Scale VR Demo" */;
			buildPhases = (
				FAC0B932245663E10086B0D7 /* Sources */,
				FAC0B933245663E10086B0D7 /* Frameworks */,
				FAC0B934245663E10086B0D7 /* Resources */,
			);
			buildRules = (
			);
			dependencies = (
			);
			name = "Room Scale VR Demo";
			productName = "Room Scale VR Demo";
			productReference = FAC0B936245663E10086B0D7 /* Room Scale VR Demo.app */;
			productType = "com.apple.product-type.application";
		};
/* End PBXNativeTarget section */

/* Begin PBXProject section */
		FAC0B92E245663E10086B0D7 /* Project object */ = {
			isa = PBXProject;
			attributes = {
				LastSwiftUpdateCheck = 1140;
				LastUpgradeCheck = 1140;
				ORGANIZATIONNAME = "Tom Alabaster";
				TargetAttributes = {
					FAC0B935245663E10086B0D7 = {
						CreatedOnToolsVersion = 11.4;
					};
				};
			};
			buildConfigurationList = FAC0B931245663E10086B0D7 /* Build configuration list for PBXProject "Room Scale VR Demo" */;
			compatibilityVersion = "Xcode 9.3";
			developmentRegion = en;
			hasScannedForEncodings = 0;
			knownRegions = (
				en,
				Base,
			);
			mainGroup = FAC0B92D245663E10086B0D7;
			productRefGroup = FAC0B937245663E10086B0D7 /* Products */;
			projectDirPath = "";
			projectRoot = "";
			targets = (
				FAC0B935245663E10086B0D7 /* Room Scale VR Demo */,
			);
		};
/* End PBXProject section */

/* Begin PBXResourcesBuildPhase section */
		FAC0B934245663E10086B0D7 /* Resources */ = {
			isa = PBXResourcesBuildPhase;
			buildActionMask = 2147483647;
			files = (
				FAC0B93C245663E10086B0D7 /* art.scnassets in Resources */,
				FAC0B946245663E40086B0D7 /* LaunchScreen.storyboard in Resources */,
				FAC0B943245663E40086B0D7 /* Assets.xcassets in Resources */,
				FAC0B941245663E10086B0D7 /* Main.storyboard in Resources */,
			);
			runOnlyForDeploymentPostprocessing = 0;
		};
/* End PBXResourcesBuildPhase section */

/* Begin PBXSourcesBuildPhase section */
		FAC0B932245663E10086B0D7 /* Sources */ = {
			isa = PBXSourcesBuildPhase;
			buildActionMask = 2147483647;
			files = (
				FAC0B93E245663E10086B0D7 /* ViewController.swift in Sources */,
				FAC0B93A245663E10086B0D7 /* AppDelegate.swift in Sources */,
			);
			runOnlyForDeploymentPostprocessing = 0;
		};
/* End PBXSourcesBuildPhase section */

/* Begin PBXVariantGroup section */
		FAC0B93F245663E10086B0D7 /* Main.storyboard */ = {
			isa = PBXVariantGroup;
			children = (
				FAC0B940245663E10086B0D7 /* Base */,
			);
			name = Main.storyboard;
			sourceTree = "<group>";
		};
		FAC0B944245663E40086B0D7 /* LaunchScreen.storyboard */ = {
			isa = PBXVariantGroup;
			children = (
				FAC0B945245663E40086B0D7 /* Base */,
			);
			name = LaunchScreen.storyboard;
			sourceTree = "<group>";
		};
/* End PBXVariantGroup section */

/* Begin XCBuildConfiguration section */
		FAC0B948245663E40086B0D7 /* Debug */ = {
			isa = XCBuildConfiguration;
			buildSettings = {
				ALWAYS_SEARCH_USER_PATHS = NO;
				CLANG_ANALYZER_NONNULL = YES;
				CLANG_ANALYZER_NUMBER_OBJECT_CONVERSION = YES_AGGRESSIVE;
				CLANG_CXX_LANGUAGE_STANDARD = "gnu++14";
				CLANG_CXX_LIBRARY = "libc++";
				CLANG_ENABLE_MODULES = YES;
				CLANG_ENABLE_OBJC_ARC = YES;
				CLANG_ENABLE_OBJC_WEAK = YES;
				CLANG_WARN_BLOCK_CAPTURE_AUTORELEASING = YES;
				CLANG_WARN_BOOL_CONVERSION = YES;
				CLANG_WARN_COMMA = YES;
				CLANG_WARN_CONSTANT_CONVERSION = YES;
				CLANG_WARN_DEPRECATED_OBJC_IMPLEMENTATIONS = YES;
				CLANG_WARN_DIRECT_OBJC_ISA_USAGE = YES_ERROR;
				CLANG_WARN_DOCUMENTATION_COMMENTS = YES;
				CLANG_WARN_EMPTY_BODY = YES;
				CLANG_WARN_ENUM_CONVERSION = YES;
				CLANG_WARN_INFINITE_RECURSION = YES;
				CLANG_WARN_INT_CONVERSION = YES;
				CLANG_WARN_NON_LITERAL_NULL_CONVERSION = YES;
				CLANG_WARN_OBJC_IMPLICIT_RETAIN_SELF = YES;
				CLANG_WARN_OBJC_LITERAL_CONVERSION = YES;
				CLANG_WARN_OBJC_ROOT_CLASS = YES_ERROR;
				CLANG_WARN_RANGE_LOOP_ANALYSIS = YES;
				CLANG_WARN_STRICT_PROTOTYPES = YES;
				CLANG_WARN_SUSPICIOUS_MOVE = YES;
				CLANG_WARN_UNGUARDED_AVAILABILITY = YES_AGGRESSIVE;
				CLANG_WARN_UNREACHABLE_CODE = YES;
				CLANG_WARN__DUPLICATE_METHOD_MATCH = YES;
				COPY_PHASE_STRIP = NO;
				DEBUG_INFORMATION_FORMAT = dwarf;
				ENABLE_STRICT_OBJC_MSGSEND = YES;
				ENABLE_TESTABILITY = YES;
				GCC_C_LANGUAGE_STANDARD = gnu11;
				GCC_DYNAMIC_NO_PIC = NO;
				GCC_NO_COMMON_BLOCKS = YES;
				GCC_OPTIMIZATION_LEVEL = 0;
				GCC_PREPROCESSOR_DEFINITIONS = (
					"DEBUG=1",
					"$(inherited)",
				);
				GCC_WARN_64_TO_32_BIT_CONVERSION = YES;
				GCC_WARN_ABOUT_RETURN_TYPE = YES_ERROR;
				GCC_WARN_UNDECLARED_SELECTOR = YES;
				GCC_WARN_UNINITIALIZED_AUTOS = YES_AGGRESSIVE;
				GCC_WARN_UNUSED_FUNCTION = YES;
				GCC_WARN_UNUSED_VARIABLE = YES;
				IPHONEOS_DEPLOYMENT_TARGET = 13.4;
				MTL_ENABLE_DEBUG_INFO = INCLUDE_SOURCE;
				MTL_FAST_MATH = YES;
				ONLY_ACTIVE_ARCH = YES;
				SDKROOT = iphoneos;
				SWIFT_ACTIVE_COMPILATION_CONDITIONS = DEBUG;
				SWIFT_OPTIMIZATION_LEVEL = "-Onone";
			};
			name = Debug;
		};
		FAC0B949245663E40086B0D7 /* Release */ = {
			isa = XCBuildConfiguration;
			buildSettings = {
				ALWAYS_SEARCH_USER_PATHS = NO;
				CLANG_ANALYZER_NONNULL = YES;
				CLANG_ANALYZER_NUMBER_OBJECT_CONVERSION = YES_AGGRESSIVE;
				CLANG_CXX_LANGUAGE_STANDARD = "gnu++14";
				CLANG_CXX_LIBRARY = "libc++";
				CLANG_ENABLE_MODULES = YES;
				CLANG_ENABLE_OBJC_ARC = YES;
				CLANG_ENABLE_OBJC_WEAK = YES;
				CLANG_WARN_BLOCK_CAPTURE_AUTORELEASING = YES;
				CLANG_WARN_BOOL_CONVERSION = YES;
				CLANG_WARN_COMMA = YES;
				CLANG_WARN_CONSTANT_CONVERSION = YES;
				CLANG_WARN_DEPRECATED_OBJC_IMPLEMENTATIONS = YES;
				CLANG_WARN_DIRECT_OBJC_ISA_USAGE = YES_ERROR;
				CLANG_WARN_DOCUMENTATION_COMMENTS = YES;
				CLANG_WARN_EMPTY_BODY = YES;
				CLANG_WARN_ENUM_CONVERSION = YES;
				CLANG_WARN_INFINITE_RECURSION = YES;
				CLANG_WARN_INT_CONVERSION = YES;
				CLANG_WARN_NON_LITERAL_NULL_CONVERSION = YES;
				CLANG_WARN_OBJC_IMPLICIT_RETAIN_SELF = YES;
				CLANG_WARN_OBJC_LITERAL_CONVERSION = YES;
				CLANG_WARN_OBJC_ROOT_CLASS = YES_ERROR;
				CLANG_WARN_RANGE_LOOP_ANALYSIS = YES;
				CLANG_WARN_STRICT_PROTOTYPES = YES;
				CLANG_WARN_SUSPICIOUS_MOVE = YES;
				CLANG_WARN_UNGUARDED_AVAILABILITY = YES_AGGRESSIVE;
				CLANG_WARN_UNREACHABLE_CODE = YES;
				CLANG_WARN__DUPLICATE_METHOD_MATCH = YES;
				COPY_PHASE_STRIP = NO;
				DEBUG_INFORMATION_FORMAT = "dwarf-with-dsym";
				ENABLE_NS_ASSERTIONS = NO;
				ENABLE_STRICT_OBJC_MSGSEND = YES;
				GCC_C_LANGUAGE_STANDARD = gnu11;
				GCC_NO_COMMON_BLOCKS = YES;
				GCC_WARN_64_TO_32_BIT_CONVERSION = YES;
				GCC_WARN_ABOUT_RETURN_TYPE = YES_ERROR;
				GCC_WARN_UNDECLARED_SELECTOR = YES;
				GCC_WARN_UNINITIALIZED_AUTOS = YES_AGGRESSIVE;
				GCC_WARN_UNUSED_FUNCTION = YES;
				GCC_WARN_UNUSED_VARIABLE = YES;
				IPHONEOS_DEPLOYMENT_TARGET = 13.4;
				MTL_ENABLE_DEBUG_INFO = NO;
				MTL_FAST_MATH = YES;
				SDKROOT = iphoneos;
				SWIFT_COMPILATION_MODE = wholemodule;
				SWIFT_OPTIMIZATION_LEVEL = "-O";
				VALIDATE_PRODUCT = YES;
			};
			name = Release;
		};
		FAC0B94B245663E40086B0D7 /* Debug */ = {
			isa = XCBuildConfiguration;
			buildSettings = {
				ASSETCATALOG_COMPILER_APPICON_NAME = AppIcon;
				CODE_SIGN_STYLE = Automatic;
				DEVELOPMENT_TEAM = 6FW572AX8T;
				INFOPLIST_FILE = "Room Scale VR Demo/Info.plist";
				LD_RUNPATH_SEARCH_PATHS = (
					"$(inherited)",
					"@executable_path/Frameworks",
				);
				PRODUCT_BUNDLE_IDENTIFIER = "uk.co.tomalabaster.Room-Scale-VR-Demo";
				PRODUCT_NAME = "$(TARGET_NAME)";
				SWIFT_VERSION = 5.0;
				TARGETED_DEVICE_FAMILY = "1,2";
			};
			name = Debug;
		};
		FAC0B94C245663E40086B0D7 /* Release */ = {
			isa = XCBuildConfiguration;
			buildSettings = {
				ASSETCATALOG_COMPILER_APPICON_NAME = AppIcon;
				CODE_SIGN_STYLE = Automatic;
				DEVELOPMENT_TEAM = 6FW572AX8T;
				INFOPLIST_FILE = "Room Scale VR Demo/Info.plist";
				LD_RUNPATH_SEARCH_PATHS = (
					"$(inherited)",
					"@executable_path/Frameworks",
				);
				PRODUCT_BUNDLE_IDENTIFIER = "uk.co.tomalabaster.Room-Scale-VR-Demo";
				PRODUCT_NAME = "$(TARGET_NAME)";
				SWIFT_VERSION = 5.0;
				TARGETED_DEVICE_FAMILY = "1,2";
			};
			name = Release;
		};
/* End XCBuildConfiguration section */

/* Begin XCConfigurationList section */
		FAC0B931245663E10086B0D7 /* Build configuration list for PBXProject "Room Scale VR Demo" */ = {
			isa = XCConfigurationList;
			buildConfigurations = (
				FAC0B948245663E40086B0D7 /* Debug */,
				FAC0B949245663E40086B0D7 /* Release */,
			);
			defaultConfigurationIsVisible = 0;
			defaultConfigurationName = Release;
		};
		FAC0B94A245663E40086B0D7 /* Build configuration list for PBXNativeTarget "Room Scale VR Demo" */ = {
			isa = XCConfigurationList;
			buildConfigurations = (
				FAC0B94B245663E40086B0D7 /* Debug */,
				FAC0B94C245663E40086B0D7 /* Release */,
			);
			defaultConfigurationIsVisible = 0;
			defaultConfigurationName = Release;
		};
/* End XCConfigurationList section */
	};
	rootObject = FAC0B92E245663E10086B0D7 /* Project object */;
}
